// !$*UTF8*$!
{
	archiveVersion = 1;
	classes = {
	};
	objectVersion = 70;
	objects = {

/* Begin PBXBuildFile section */
		5011D503293B477C0088173F /* IDNA in Frameworks */ = {isa = PBXBuildFile; productRef = 5011D502293B477C0088173F /* IDNA */; };
		50443F862927B9190077523F /* Source in Frameworks */ = {isa = PBXBuildFile; productRef = 50443F852927B9190077523F /* Source */; };
		505318F6297EAC07005E30DE /* KeychainAccess in Frameworks */ = {isa = PBXBuildFile; productRef = 505318F5297EAC07005E30DE /* KeychainAccess */; };
		5066F6962E8BD63300857C1E /* GlyphixTextFx in Frameworks */ = {isa = PBXBuildFile; productRef = 5066F6952E8BD63300857C1E /* GlyphixTextFx */; };
		50BED21429277D7800C9D7E2 /* SnapKit in Frameworks */ = {isa = PBXBuildFile; productRef = 50BED21329277D7800C9D7E2 /* SnapKit */; };
		50BED21A29277E2F00C9D7E2 /* SubviewAttachingTextView in Frameworks */ = {isa = PBXBuildFile; productRef = 50BED21929277E2F00C9D7E2 /* SubviewAttachingTextView */; };
		50BED21D29277E6500C9D7E2 /* SwifterSwift in Frameworks */ = {isa = PBXBuildFile; productRef = 50BED21C29277E6500C9D7E2 /* SwifterSwift */; };
		50BED22029277EC200C9D7E2 /* SDWebImage in Frameworks */ = {isa = PBXBuildFile; productRef = 50BED21F29277EC200C9D7E2 /* SDWebImage */; };
		50BED22329277FE100C9D7E2 /* IQKeyboardManagerSwift in Frameworks */ = {isa = PBXBuildFile; productRef = 50BED22229277FE100C9D7E2 /* IQKeyboardManagerSwift */; };
		50BED2262927802700C9D7E2 /* SPIndicator in Frameworks */ = {isa = PBXBuildFile; productRef = 50BED2252927802700C9D7E2 /* SPIndicator */; };
		50F922B82E8AD95200D1E2C1 /* ChidoriMenu in Frameworks */ = {isa = PBXBuildFile; productRef = 50F922B72E8AD95200D1E2C1 /* ChidoriMenu */; };
/* End PBXBuildFile section */

/* Begin PBXFileReference section */
		50BED13029277CDE00C9D7E2 /* Kimis.app */ = {isa = PBXFileReference; explicitFileType = wrapper.application; includeInIndex = 0; path = Kimis.app; sourceTree = BUILT_PRODUCTS_DIR; };
		50FEC5BA2927B90B00AC1D1A /* Source */ = {isa = PBXFileReference; lastKnownFileType = wrapper; name = Source; path = Foundation/Source; sourceTree = "<group>"; };
/* End PBXFileReference section */

/* Begin PBXFileSystemSynchronizedBuildFileExceptionSet section */
		501F79D52F2085C3008BDE3F /* PBXFileSystemSynchronizedBuildFileExceptionSet */ = {
			isa = PBXFileSystemSynchronizedBuildFileExceptionSet;
			membershipExceptions = (
				Info.plist,
			);
			target = 50BED12F29277CDE00C9D7E2 /* Kimis */;
		};
/* End PBXFileSystemSynchronizedBuildFileExceptionSet section */

/* Begin PBXFileSystemSynchronizedRootGroup section */
		501F78DA2F2085C2008BDE3F /* Kimis */ = {isa = PBXFileSystemSynchronizedRootGroup; exceptions = (501F79D52F2085C3008BDE3F /* PBXFileSystemSynchronizedBuildFileExceptionSet */, ); explicitFileTypes = {}; explicitFolders = (); path = Kimis; sourceTree = "<group>"; };
/* End PBXFileSystemSynchronizedRootGroup section */

/* Begin PBXFrameworksBuildPhase section */
		50BED12D29277CDE00C9D7E2 /* Frameworks */ = {
			isa = PBXFrameworksBuildPhase;
			buildActionMask = 2147483647;
			files = (
				50BED21A29277E2F00C9D7E2 /* SubviewAttachingTextView in Frameworks */,
				50BED22329277FE100C9D7E2 /* IQKeyboardManagerSwift in Frameworks */,
				50BED21429277D7800C9D7E2 /* SnapKit in Frameworks */,
				5011D503293B477C0088173F /* IDNA in Frameworks */,
				505318F6297EAC07005E30DE /* KeychainAccess in Frameworks */,
				50443F862927B9190077523F /* Source in Frameworks */,
				50F922B82E8AD95200D1E2C1 /* ChidoriMenu in Frameworks */,
				50BED22029277EC200C9D7E2 /* SDWebImage in Frameworks */,
				5066F6962E8BD63300857C1E /* GlyphixTextFx in Frameworks */,
				50BED2262927802700C9D7E2 /* SPIndicator in Frameworks */,
				50BED21D29277E6500C9D7E2 /* SwifterSwift in Frameworks */,
			);
			runOnlyForDeploymentPostprocessing = 0;
		};
/* End PBXFrameworksBuildPhase section */

/* Begin PBXGroup section */
		50BED12729277CDE00C9D7E2 = {
			isa = PBXGroup;
			children = (
				501F78DA2F2085C2008BDE3F /* Kimis */,
				50BED13129277CDE00C9D7E2 /* Products */,
				50BED20C29277D1E00C9D7E2 /* Frameworks */,
			);
			sourceTree = "<group>";
		};
		50BED13129277CDE00C9D7E2 /* Products */ = {
			isa = PBXGroup;
			children = (
				50BED13029277CDE00C9D7E2 /* Kimis.app */,
			);
			name = Products;
			sourceTree = "<group>";
		};
		50BED20C29277D1E00C9D7E2 /* Frameworks */ = {
			isa = PBXGroup;
			children = (
				50FEC5BA2927B90B00AC1D1A /* Source */,
			);
			name = Frameworks;
			sourceTree = "<group>";
		};
/* End PBXGroup section */

/* Begin PBXNativeTarget section */
		50BED12F29277CDE00C9D7E2 /* Kimis */ = {
			isa = PBXNativeTarget;
			buildConfigurationList = 50BED14429277CDF00C9D7E2 /* Build configuration list for PBXNativeTarget "Kimis" */;
			buildPhases = (
				50BED12C29277CDE00C9D7E2 /* Sources */,
				50BED12D29277CDE00C9D7E2 /* Frameworks */,
				50BED12E29277CDE00C9D7E2 /* Resources */,
			);
			buildRules = (
			);
			dependencies = (
			);
			fileSystemSynchronizedGroups = (
				501F78DA2F2085C2008BDE3F /* Kimis */,
			);
			name = Kimis;
			packageProductDependencies = (
				50BED21329277D7800C9D7E2 /* SnapKit */,
				50BED21929277E2F00C9D7E2 /* SubviewAttachingTextView */,
				50BED21C29277E6500C9D7E2 /* SwifterSwift */,
				50BED21F29277EC200C9D7E2 /* SDWebImage */,
				50BED22229277FE100C9D7E2 /* IQKeyboardManagerSwift */,
				50BED2252927802700C9D7E2 /* SPIndicator */,
				50443F852927B9190077523F /* Source */,
				5011D502293B477C0088173F /* IDNA */,
				505318F5297EAC07005E30DE /* KeychainAccess */,
				50F922B72E8AD95200D1E2C1 /* ChidoriMenu */,
				5066F6952E8BD63300857C1E /* GlyphixTextFx */,
			);
			productName = Kimis;
			productReference = 50BED13029277CDE00C9D7E2 /* Kimis.app */;
			productType = "com.apple.product-type.application";
		};
/* End PBXNativeTarget section */

/* Begin PBXProject section */
		50BED12829277CDE00C9D7E2 /* Project object */ = {
			isa = PBXProject;
			attributes = {
				BuildIndependentTargetsInParallel = 1;
				LastSwiftUpdateCheck = 1410;
				LastUpgradeCheck = 2600;
				TargetAttributes = {
					50BED12F29277CDE00C9D7E2 = {
						CreatedOnToolsVersion = 14.1;
					};
				};
			};
			buildConfigurationList = 50BED12B29277CDE00C9D7E2 /* Build configuration list for PBXProject "Kimis" */;
			compatibilityVersion = "Xcode 14.0";
			developmentRegion = en;
			hasScannedForEncodings = 0;
			knownRegions = (
				en,
				Base,
				"zh-Hans",
				ja,
			);
			mainGroup = 50BED12729277CDE00C9D7E2;
			packageReferences = (
				50BED21229277D7800C9D7E2 /* XCRemoteSwiftPackageReference "SnapKit" */,
				50BED21829277E2F00C9D7E2 /* XCRemoteSwiftPackageReference "SubviewAttachingTextView" */,
				50BED21B29277E6500C9D7E2 /* XCRemoteSwiftPackageReference "SwifterSwift" */,
				50BED21E29277EC200C9D7E2 /* XCRemoteSwiftPackageReference "SDWebImage" */,
				50BED22129277FE100C9D7E2 /* XCRemoteSwiftPackageReference "IQKeyboardManager" */,
				50BED2242927802700C9D7E2 /* XCRemoteSwiftPackageReference "SPIndicator" */,
				5011D501293B477C0088173F /* XCRemoteSwiftPackageReference "IDNA-Cocoa" */,
				505318F4297EAC07005E30DE /* XCRemoteSwiftPackageReference "KeychainAccess" */,
				50F922B62E8AD95200D1E2C1 /* XCRemoteSwiftPackageReference "ChidoriMenu" */,
				5066F6942E8BD63300857C1E /* XCRemoteSwiftPackageReference "GlyphixTextFx" */,
			);
			productRefGroup = 50BED13129277CDE00C9D7E2 /* Products */;
			projectDirPath = "";
			projectRoot = "";
			targets = (
				50BED12F29277CDE00C9D7E2 /* Kimis */,
			);
		};
/* End PBXProject section */

/* Begin PBXResourcesBuildPhase section */
		50BED12E29277CDE00C9D7E2 /* Resources */ = {
			isa = PBXResourcesBuildPhase;
			buildActionMask = 2147483647;
			files = (
			);
			runOnlyForDeploymentPostprocessing = 0;
		};
/* End PBXResourcesBuildPhase section */

/* Begin PBXSourcesBuildPhase section */
		50BED12C29277CDE00C9D7E2 /* Sources */ = {
			isa = PBXSourcesBuildPhase;
			buildActionMask = 2147483647;
			files = (
			);
			runOnlyForDeploymentPostprocessing = 0;
		};
/* End PBXSourcesBuildPhase section */

/* Begin XCBuildConfiguration section */
		50BED14229277CDF00C9D7E2 /* Debug */ = {
			isa = XCBuildConfiguration;
			buildSettings = {
				ALWAYS_SEARCH_USER_PATHS = NO;
				ARCHS = (
					arm64,
					x86_64,
				);
				ASSETCATALOG_COMPILER_GENERATE_SWIFT_ASSET_SYMBOL_EXTENSIONS = YES;
				CLANG_ANALYZER_NONNULL = YES;
				CLANG_ANALYZER_NUMBER_OBJECT_CONVERSION = YES_AGGRESSIVE;
				CLANG_CXX_LANGUAGE_STANDARD = "gnu++20";
				CLANG_ENABLE_MODULES = YES;
				CLANG_ENABLE_OBJC_ARC = YES;
				CLANG_ENABLE_OBJC_WEAK = YES;
				CLANG_WARN_BLOCK_CAPTURE_AUTORELEASING = YES;
				CLANG_WARN_BOOL_CONVERSION = YES;
				CLANG_WARN_COMMA = YES;
				CLANG_WARN_CONSTANT_CONVERSION = YES;
				CLANG_WARN_DEPRECATED_OBJC_IMPLEMENTATIONS = YES;
				CLANG_WARN_DIRECT_OBJC_ISA_USAGE = YES_ERROR;
				CLANG_WARN_DOCUMENTATION_COMMENTS = YES;
				CLANG_WARN_EMPTY_BODY = YES;
				CLANG_WARN_ENUM_CONVERSION = YES;
				CLANG_WARN_INFINITE_RECURSION = YES;
				CLANG_WARN_INT_CONVERSION = YES;
				CLANG_WARN_NON_LITERAL_NULL_CONVERSION = YES;
				CLANG_WARN_OBJC_IMPLICIT_RETAIN_SELF = YES;
				CLANG_WARN_OBJC_LITERAL_CONVERSION = YES;
				CLANG_WARN_OBJC_ROOT_CLASS = YES_ERROR;
				CLANG_WARN_QUOTED_INCLUDE_IN_FRAMEWORK_HEADER = YES;
				CLANG_WARN_RANGE_LOOP_ANALYSIS = YES;
				CLANG_WARN_STRICT_PROTOTYPES = YES;
				CLANG_WARN_SUSPICIOUS_MOVE = YES;
				CLANG_WARN_UNGUARDED_AVAILABILITY = YES_AGGRESSIVE;
				CLANG_WARN_UNREACHABLE_CODE = YES;
				CLANG_WARN__DUPLICATE_METHOD_MATCH = YES;
				COPY_PHASE_STRIP = NO;
				DEBUG_INFORMATION_FORMAT = dwarf;
				DEVELOPMENT_TEAM = 964G86XT2P;
				ENABLE_ENHANCED_SECURITY = YES;
				ENABLE_POINTER_AUTHENTICATION = YES;
				ENABLE_STRICT_OBJC_MSGSEND = YES;
				ENABLE_TESTABILITY = YES;
				ENABLE_USER_SCRIPT_SANDBOXING = YES;
				GCC_C_LANGUAGE_STANDARD = gnu11;
				GCC_DYNAMIC_NO_PIC = NO;
				GCC_NO_COMMON_BLOCKS = YES;
				GCC_OPTIMIZATION_LEVEL = 0;
				GCC_PREPROCESSOR_DEFINITIONS = (
					"DEBUG=1",
					"$(inherited)",
				);
				GCC_WARN_64_TO_32_BIT_CONVERSION = YES;
				GCC_WARN_ABOUT_RETURN_TYPE = YES_ERROR;
				GCC_WARN_UNDECLARED_SELECTOR = YES;
				GCC_WARN_UNINITIALIZED_AUTOS = YES_AGGRESSIVE;
				GCC_WARN_UNUSED_FUNCTION = YES;
				GCC_WARN_UNUSED_VARIABLE = YES;
				IPHONEOS_DEPLOYMENT_TARGET = 14.0;
				MTL_ENABLE_DEBUG_INFO = INCLUDE_SOURCE;
				MTL_FAST_MATH = YES;
				ONLY_ACTIVE_ARCH = YES;
				SDKROOT = iphoneos;
				STRING_CATALOG_GENERATE_SYMBOLS = YES;
				SWIFT_ACTIVE_COMPILATION_CONDITIONS = DEBUG;
				SWIFT_EMIT_LOC_STRINGS = YES;
				SWIFT_OPTIMIZATION_LEVEL = "-Onone";
			};
			name = Debug;
		};
		50BED14329277CDF00C9D7E2 /* Release */ = {
			isa = XCBuildConfiguration;
			buildSettings = {
				ALWAYS_SEARCH_USER_PATHS = NO;
				ARCHS = (
					arm64,
					x86_64,
				);
				ASSETCATALOG_COMPILER_GENERATE_SWIFT_ASSET_SYMBOL_EXTENSIONS = YES;
				CLANG_ANALYZER_NONNULL = YES;
				CLANG_ANALYZER_NUMBER_OBJECT_CONVERSION = YES_AGGRESSIVE;
				CLANG_CXX_LANGUAGE_STANDARD = "gnu++20";
				CLANG_ENABLE_MODULES = YES;
				CLANG_ENABLE_OBJC_ARC = YES;
				CLANG_ENABLE_OBJC_WEAK = YES;
				CLANG_WARN_BLOCK_CAPTURE_AUTORELEASING = YES;
				CLANG_WARN_BOOL_CONVERSION = YES;
				CLANG_WARN_COMMA = YES;
				CLANG_WARN_CONSTANT_CONVERSION = YES;
				CLANG_WARN_DEPRECATED_OBJC_IMPLEMENTATIONS = YES;
				CLANG_WARN_DIRECT_OBJC_ISA_USAGE = YES_ERROR;
				CLANG_WARN_DOCUMENTATION_COMMENTS = YES;
				CLANG_WARN_EMPTY_BODY = YES;
				CLANG_WARN_ENUM_CONVERSION = YES;
				CLANG_WARN_INFINITE_RECURSION = YES;
				CLANG_WARN_INT_CONVERSION = YES;
				CLANG_WARN_NON_LITERAL_NULL_CONVERSION = YES;
				CLANG_WARN_OBJC_IMPLICIT_RETAIN_SELF = YES;
				CLANG_WARN_OBJC_LITERAL_CONVERSION = YES;
				CLANG_WARN_OBJC_ROOT_CLASS = YES_ERROR;
				CLANG_WARN_QUOTED_INCLUDE_IN_FRAMEWORK_HEADER = YES;
				CLANG_WARN_RANGE_LOOP_ANALYSIS = YES;
				CLANG_WARN_STRICT_PROTOTYPES = YES;
				CLANG_WARN_SUSPICIOUS_MOVE = YES;
				CLANG_WARN_UNGUARDED_AVAILABILITY = YES_AGGRESSIVE;
				CLANG_WARN_UNREACHABLE_CODE = YES;
				CLANG_WARN__DUPLICATE_METHOD_MATCH = YES;
				COPY_PHASE_STRIP = NO;
				DEBUG_INFORMATION_FORMAT = "dwarf-with-dsym";
				DEVELOPMENT_TEAM = 964G86XT2P;
				ENABLE_ENHANCED_SECURITY = YES;
				ENABLE_NS_ASSERTIONS = NO;
				ENABLE_POINTER_AUTHENTICATION = YES;
				ENABLE_STRICT_OBJC_MSGSEND = YES;
				ENABLE_USER_SCRIPT_SANDBOXING = YES;
				GCC_C_LANGUAGE_STANDARD = gnu11;
				GCC_NO_COMMON_BLOCKS = YES;
				GCC_WARN_64_TO_32_BIT_CONVERSION = YES;
				GCC_WARN_ABOUT_RETURN_TYPE = YES_ERROR;
				GCC_WARN_UNDECLARED_SELECTOR = YES;
				GCC_WARN_UNINITIALIZED_AUTOS = YES_AGGRESSIVE;
				GCC_WARN_UNUSED_FUNCTION = YES;
				GCC_WARN_UNUSED_VARIABLE = YES;
				IPHONEOS_DEPLOYMENT_TARGET = 14.0;
				MTL_ENABLE_DEBUG_INFO = NO;
				MTL_FAST_MATH = YES;
				SDKROOT = iphoneos;
				STRING_CATALOG_GENERATE_SYMBOLS = YES;
				SWIFT_COMPILATION_MODE = wholemodule;
				SWIFT_EMIT_LOC_STRINGS = YES;
				SWIFT_OPTIMIZATION_LEVEL = "-O";
				VALIDATE_PRODUCT = YES;
			};
			name = Release;
		};
		50BED14529277CDF00C9D7E2 /* Debug */ = {
			isa = XCBuildConfiguration;
			buildSettings = {
				ARCHS = "$(ARCHS_STANDARD)";
				ASSETCATALOG_COMPILER_APPICON_NAME = AppIcon;
				ASSETCATALOG_COMPILER_GLOBAL_ACCENT_COLOR_NAME = AccentColor;
				ASSETCATALOG_COMPILER_INCLUDE_ALL_APPICON_ASSETS = NO;
				AUTOMATION_APPLE_EVENTS = NO;
				CODE_SIGN_ENTITLEMENTS = Kimis/Kimis.entitlements;
				"CODE_SIGN_IDENTITY[sdk=macosx*]" = "Apple Development";
				CODE_SIGN_STYLE = Automatic;
				CURRENT_PROJECT_VERSION = 184;
				DEVELOPMENT_TEAM = 6CMYQQFFT8;
				ENABLE_APP_SANDBOX = YES;
				ENABLE_ENHANCED_SECURITY = YES;
				ENABLE_HARDENED_RUNTIME = YES;
				"ENABLE_HARDENED_RUNTIME[sdk=macosx*]" = YES;
				ENABLE_INCOMING_NETWORK_CONNECTIONS = YES;
				ENABLE_OUTGOING_NETWORK_CONNECTIONS = YES;
				ENABLE_POINTER_AUTHENTICATION = NO;
				ENABLE_RESOURCE_ACCESS_AUDIO_INPUT = YES;
				ENABLE_RESOURCE_ACCESS_CALENDARS = NO;
				ENABLE_RESOURCE_ACCESS_CAMERA = YES;
				ENABLE_RESOURCE_ACCESS_CONTACTS = NO;
				ENABLE_RESOURCE_ACCESS_LOCATION = NO;
				ENABLE_RESOURCE_ACCESS_PHOTO_LIBRARY = YES;
				ENABLE_USER_SELECTED_FILES = readwrite;
				GENERATE_INFOPLIST_FILE = YES;
				INFOPLIST_FILE = Kimis/Info.plist;
				INFOPLIST_KEY_CFBundleDisplayName = Kimis;
				INFOPLIST_KEY_ITSAppUsesNonExemptEncryption = NO;
				INFOPLIST_KEY_LSApplicationCategoryType = "public.app-category.social-networking";
				INFOPLIST_KEY_NSCameraUsageDescription = "We will take photo with this permission when you asked to do, and we will attach picture to your post or request when possible.";
				INFOPLIST_KEY_NSMicrophoneUsageDescription = "We will take video or record audio with this post when you reuqested.";
				INFOPLIST_KEY_UIApplicationSupportsIndirectInputEvents = YES;
				INFOPLIST_KEY_UILaunchStoryboardName = Launcher;
				INFOPLIST_KEY_UISupportedInterfaceOrientations_iPad = "UIInterfaceOrientationPortrait UIInterfaceOrientationPortraitUpsideDown UIInterfaceOrientationLandscapeLeft UIInterfaceOrientationLandscapeRight";
				INFOPLIST_KEY_UISupportedInterfaceOrientations_iPhone = UIInterfaceOrientationPortrait;
				IPHONEOS_DEPLOYMENT_TARGET = 14.0;
				LD_RUNPATH_SEARCH_PATHS = (
					"$(inherited)",
					"@executable_path/Frameworks",
				);
				MARKETING_VERSION = 1.22;
				PRODUCT_BUNDLE_IDENTIFIER = as.wiki.qaq.kimis;
				PRODUCT_NAME = "$(TARGET_NAME)";
				RUNTIME_EXCEPTION_ALLOW_DYLD_ENVIRONMENT_VARIABLES = NO;
				RUNTIME_EXCEPTION_ALLOW_JIT = NO;
				RUNTIME_EXCEPTION_ALLOW_UNSIGNED_EXECUTABLE_MEMORY = NO;
				RUNTIME_EXCEPTION_DEBUGGING_TOOL = NO;
				RUNTIME_EXCEPTION_DISABLE_EXECUTABLE_PAGE_PROTECTION = NO;
				RUNTIME_EXCEPTION_DISABLE_LIBRARY_VALIDATION = NO;
				SUPPORTED_PLATFORMS = "iphoneos iphonesimulator";
				SUPPORTS_MACCATALYST = YES;
				SUPPORTS_MAC_DESIGNED_FOR_IPHONE_IPAD = NO;
				SWIFT_EMIT_LOC_STRINGS = YES;
				SWIFT_ENABLE_EXPLICIT_MODULES = NO;
				SWIFT_VERSION = 5.0;
				TARGETED_DEVICE_FAMILY = "1,2";
			};
			name = Debug;
		};
		50BED14629277CDF00C9D7E2 /* Release */ = {
			isa = XCBuildConfiguration;
			buildSettings = {
				ARCHS = "$(ARCHS_STANDARD)";
				ASSETCATALOG_COMPILER_APPICON_NAME = AppIcon;
				ASSETCATALOG_COMPILER_GLOBAL_ACCENT_COLOR_NAME = AccentColor;
				ASSETCATALOG_COMPILER_INCLUDE_ALL_APPICON_ASSETS = NO;
				AUTOMATION_APPLE_EVENTS = NO;
				CODE_SIGN_ENTITLEMENTS = Kimis/Kimis.entitlements;
				CODE_SIGN_IDENTITY = "Apple Development";
				"CODE_SIGN_IDENTITY[sdk=macosx*]" = "Apple Development";
				CODE_SIGN_STYLE = Automatic;
				CURRENT_PROJECT_VERSION = 184;
				DEVELOPMENT_TEAM = 6CMYQQFFT8;
				ENABLE_APP_SANDBOX = YES;
				ENABLE_ENHANCED_SECURITY = YES;
				ENABLE_HARDENED_RUNTIME = YES;
				"ENABLE_HARDENED_RUNTIME[sdk=macosx*]" = YES;
				ENABLE_INCOMING_NETWORK_CONNECTIONS = YES;
				ENABLE_OUTGOING_NETWORK_CONNECTIONS = YES;
				ENABLE_POINTER_AUTHENTICATION = NO;
				ENABLE_RESOURCE_ACCESS_AUDIO_INPUT = YES;
				ENABLE_RESOURCE_ACCESS_CALENDARS = NO;
				ENABLE_RESOURCE_ACCESS_CAMERA = YES;
				ENABLE_RESOURCE_ACCESS_CONTACTS = NO;
				ENABLE_RESOURCE_ACCESS_LOCATION = NO;
				ENABLE_RESOURCE_ACCESS_PHOTO_LIBRARY = YES;
				ENABLE_USER_SELECTED_FILES = readwrite;
				GENERATE_INFOPLIST_FILE = YES;
				INFOPLIST_FILE = Kimis/Info.plist;
				INFOPLIST_KEY_CFBundleDisplayName = Kimis;
				INFOPLIST_KEY_ITSAppUsesNonExemptEncryption = NO;
				INFOPLIST_KEY_LSApplicationCategoryType = "public.app-category.social-networking";
				INFOPLIST_KEY_NSCameraUsageDescription = "We will take photo with this permission when you asked to do, and we will attach picture to your post or request when possible.";
				INFOPLIST_KEY_NSMicrophoneUsageDescription = "We will take video or record audio with this post when you reuqested.";
				INFOPLIST_KEY_UIApplicationSupportsIndirectInputEvents = YES;
				INFOPLIST_KEY_UILaunchStoryboardName = Launcher;
				INFOPLIST_KEY_UISupportedInterfaceOrientations_iPad = "UIInterfaceOrientationPortrait UIInterfaceOrientationPortraitUpsideDown UIInterfaceOrientationLandscapeLeft UIInterfaceOrientationLandscapeRight";
				INFOPLIST_KEY_UISupportedInterfaceOrientations_iPhone = UIInterfaceOrientationPortrait;
				IPHONEOS_DEPLOYMENT_TARGET = 14.0;
				LD_RUNPATH_SEARCH_PATHS = (
					"$(inherited)",
					"@executable_path/Frameworks",
				);
				MARKETING_VERSION = 1.22;
				PRODUCT_BUNDLE_IDENTIFIER = as.wiki.qaq.kimis;
				PRODUCT_NAME = "$(TARGET_NAME)";
				PROVISIONING_PROFILE_SPECIFIER = "";
				RUNTIME_EXCEPTION_ALLOW_DYLD_ENVIRONMENT_VARIABLES = NO;
				RUNTIME_EXCEPTION_ALLOW_JIT = NO;
				RUNTIME_EXCEPTION_ALLOW_UNSIGNED_EXECUTABLE_MEMORY = NO;
				RUNTIME_EXCEPTION_DEBUGGING_TOOL = NO;
				RUNTIME_EXCEPTION_DISABLE_EXECUTABLE_PAGE_PROTECTION = NO;
				RUNTIME_EXCEPTION_DISABLE_LIBRARY_VALIDATION = NO;
				SUPPORTED_PLATFORMS = "iphoneos iphonesimulator";
				SUPPORTS_MACCATALYST = YES;
				SUPPORTS_MAC_DESIGNED_FOR_IPHONE_IPAD = NO;
				SWIFT_EMIT_LOC_STRINGS = YES;
				SWIFT_ENABLE_EXPLICIT_MODULES = NO;
				SWIFT_VERSION = 5.0;
				TARGETED_DEVICE_FAMILY = "1,2";
			};
			name = Release;
		};
/* End XCBuildConfiguration section */

/* Begin XCConfigurationList section */
		50BED12B29277CDE00C9D7E2 /* Build configuration list for PBXProject "Kimis" */ = {
			isa = XCConfigurationList;
			buildConfigurations = (
				50BED14229277CDF00C9D7E2 /* Debug */,
				50BED14329277CDF00C9D7E2 /* Release */,
			);
			defaultConfigurationIsVisible = 0;
			defaultConfigurationName = Release;
		};
		50BED14429277CDF00C9D7E2 /* Build configuration list for PBXNativeTarget "Kimis" */ = {
			isa = XCConfigurationList;
			buildConfigurations = (
				50BED14529277CDF00C9D7E2 /* Debug */,
				50BED14629277CDF00C9D7E2 /* Release */,
			);
			defaultConfigurationIsVisible = 0;
			defaultConfigurationName = Release;
		};
/* End XCConfigurationList section */

/* Begin XCRemoteSwiftPackageReference section */
		5011D501293B477C0088173F /* XCRemoteSwiftPackageReference "IDNA-Cocoa" */ = {
			isa = XCRemoteSwiftPackageReference;
			repositoryURL = "https://github.com/Wevah/IDNA-Cocoa.git";
			requirement = {
				branch = master;
				kind = branch;
			};
		};
		505318F4297EAC07005E30DE /* XCRemoteSwiftPackageReference "KeychainAccess" */ = {
			isa = XCRemoteSwiftPackageReference;
			repositoryURL = "https://github.com/kishikawakatsumi/KeychainAccess";
			requirement = {
				kind = versionRange;
				maximumVersion = 999.999.999;
				minimumVersion = 0.0.0;
			};
		};
		5066F6942E8BD63300857C1E /* XCRemoteSwiftPackageReference "GlyphixTextFx" */ = {
			isa = XCRemoteSwiftPackageReference;
			repositoryURL = "https://github.com/ktiays/GlyphixTextFx/";
			requirement = {
				kind = upToNextMajorVersion;
				minimumVersion = 2.3.6;
			};
		};
		50BED21229277D7800C9D7E2 /* XCRemoteSwiftPackageReference "SnapKit" */ = {
			isa = XCRemoteSwiftPackageReference;
			repositoryURL = "https://github.com/SnapKit/SnapKit.git";
			requirement = {
				kind = versionRange;
				maximumVersion = 999.999.999;
				minimumVersion = 0.0.0;
			};
		};
		50BED21829277E2F00C9D7E2 /* XCRemoteSwiftPackageReference "SubviewAttachingTextView" */ = {
			isa = XCRemoteSwiftPackageReference;
			repositoryURL = "https://github.com/vlas-voloshin/SubviewAttachingTextView";
			requirement = {
				kind = versionRange;
				maximumVersion = 999.999.999;
				minimumVersion = 0.0.0;
			};
		};
		50BED21B29277E6500C9D7E2 /* XCRemoteSwiftPackageReference "SwifterSwift" */ = {
			isa = XCRemoteSwiftPackageReference;
			repositoryURL = "https://github.com/SwifterSwift/SwifterSwift";
			requirement = {
				kind = versionRange;
				maximumVersion = 999.999.999;
				minimumVersion = 0.0.0;
			};
		};
		50BED21E29277EC200C9D7E2 /* XCRemoteSwiftPackageReference "SDWebImage" */ = {
			isa = XCRemoteSwiftPackageReference;
			repositoryURL = "https://github.com/SDWebImage/SDWebImage";
			requirement = {
				kind = versionRange;
				maximumVersion = 999.999.999;
				minimumVersion = 0.0.0;
			};
		};
		50BED22129277FE100C9D7E2 /* XCRemoteSwiftPackageReference "IQKeyboardManager" */ = {
			isa = XCRemoteSwiftPackageReference;
			repositoryURL = "https://github.com/hackiftekhar/IQKeyboardManager";
			requirement = {
				kind = upToNextMajorVersion;
				minimumVersion = 6.5.11;
			};
		};
		50BED2242927802700C9D7E2 /* XCRemoteSwiftPackageReference "SPIndicator" */ = {
			isa = XCRemoteSwiftPackageReference;
			repositoryURL = "https://github.com/ivanvorobei/SPIndicator";
			requirement = {
				kind = versionRange;
				maximumVersion = 999.999.999;
				minimumVersion = 0.0.0;
			};
		};
		50F922B62E8AD95200D1E2C1 /* XCRemoteSwiftPackageReference "ChidoriMenu" */ = {
			isa = XCRemoteSwiftPackageReference;
			repositoryURL = "https://github.com/Lakr233/ChidoriMenu";
			requirement = {
				kind = upToNextMajorVersion;
				minimumVersion = 4.0.0;
			};
		};
/* End XCRemoteSwiftPackageReference section */

/* Begin XCSwiftPackageProductDependency section */
		5011D502293B477C0088173F /* IDNA */ = {
			isa = XCSwiftPackageProductDependency;
			package = 5011D501293B477C0088173F /* XCRemoteSwiftPackageReference "IDNA-Cocoa" */;
			productName = IDNA;
		};
		50443F852927B9190077523F /* Source */ = {
			isa = XCSwiftPackageProductDependency;
			productName = Source;
		};
		505318F5297EAC07005E30DE /* KeychainAccess */ = {
			isa = XCSwiftPackageProductDependency;
			package = 505318F4297EAC07005E30DE /* XCRemoteSwiftPackageReference "KeychainAccess" */;
			productName = KeychainAccess;
		};
		5066F6952E8BD63300857C1E /* GlyphixTextFx */ = {
			isa = XCSwiftPackageProductDependency;
			package = 5066F6942E8BD63300857C1E /* XCRemoteSwiftPackageReference "GlyphixTextFx" */;
			productName = GlyphixTextFx;
		};
		50BED21329277D7800C9D7E2 /* SnapKit */ = {
			isa = XCSwiftPackageProductDependency;
			package = 50BED21229277D7800C9D7E2 /* XCRemoteSwiftPackageReference "SnapKit" */;
			productName = SnapKit;
		};
		50BED21929277E2F00C9D7E2 /* SubviewAttachingTextView */ = {
			isa = XCSwiftPackageProductDependency;
			package = 50BED21829277E2F00C9D7E2 /* XCRemoteSwiftPackageReference "SubviewAttachingTextView" */;
			productName = SubviewAttachingTextView;
		};
		50BED21C29277E6500C9D7E2 /* SwifterSwift */ = {
			isa = XCSwiftPackageProductDependency;
			package = 50BED21B29277E6500C9D7E2 /* XCRemoteSwiftPackageReference "SwifterSwift" */;
			productName = SwifterSwift;
		};
		50BED21F29277EC200C9D7E2 /* SDWebImage */ = {
			isa = XCSwiftPackageProductDependency;
			package = 50BED21E29277EC200C9D7E2 /* XCRemoteSwiftPackageReference "SDWebImage" */;
			productName = SDWebImage;
		};
		50BED22229277FE100C9D7E2 /* IQKeyboardManagerSwift */ = {
			isa = XCSwiftPackageProductDependency;
			package = 50BED22129277FE100C9D7E2 /* XCRemoteSwiftPackageReference "IQKeyboardManager" */;
			productName = IQKeyboardManagerSwift;
		};
		50BED2252927802700C9D7E2 /* SPIndicator */ = {
			isa = XCSwiftPackageProductDependency;
			package = 50BED2242927802700C9D7E2 /* XCRemoteSwiftPackageReference "SPIndicator" */;
			productName = SPIndicator;
		};
		50F922B72E8AD95200D1E2C1 /* ChidoriMenu */ = {
			isa = XCSwiftPackageProductDependency;
			package = 50F922B62E8AD95200D1E2C1 /* XCRemoteSwiftPackageReference "ChidoriMenu" */;
			productName = ChidoriMenu;
		};
/* End XCSwiftPackageProductDependency section */
	};
	rootObject = 50BED12829277CDE00C9D7E2 /* Project object */;
}
