{
  "pins" : [
    {
      "identity" : "bettercodable",
      "kind" : "remoteSourceControl",
      "location" : "https://github.com/marksands/BetterCodable.git",
      "state" : {
        "revision" : "61153170668db7a46a20a87e35e70f80b24d4eb5",
        "version" : "0.4.0"
      }
    },
    {
      "identity" : "bugsnag-cocoa",
      "kind" : "remoteSourceControl",
      "location" : "https://github.com/bugsnag/bugsnag-cocoa",
      "state" : {
        "revision" : "5be1c4c544752c90774cf5b464683064a5bb1015",
        "version" : "6.26.1"
      }
    },
    {
      "identity" : "idna-cocoa",
      "kind" : "remoteSourceControl",
      "location" : "https://github.com/Wevah/IDNA-Cocoa.git",
      "state" : {
        "branch" : "master",
        "revision" : "96de66e18f27edd40e41321f63637fbf2a83eb41"
      }
    },
    {
      "identity" : "iqkeyboardmanager",
      "kind" : "remoteSourceControl",
      "location" : "https://github.com/hackiftekhar/IQKeyboardManager",
      "state" : {
        "revision" : "0ea3febb36cfcec2afb5841fd8809a9c0fa545b3",
        "version" : "6.5.11"
      }
    },
    {
      "identity" : "keychainaccess",
      "kind" : "remoteSourceControl",
      "location" : "https://github.com/kishikawakatsumi/KeychainAccess",
      "state" : {
        "revision" : "84e546727d66f1adc5439debad16270d0fdd04e7",
        "version" : "4.2.2"
      }
    },
    {
      "identity" : "ltmorphinglabel",
      "kind" : "remoteSourceControl",
      "location" : "https://github.com/lexrus/LTMorphingLabel",
      "state" : {
        "revision" : "cbde73b207ac5cfcde289a09685ad0e62b75dc04",
        "version" : "0.9.3"
      }
    },
    {
      "identity" : "sdwebimage",
      "kind" : "remoteSourceControl",
      "location" : "https://github.com/SDWebImage/SDWebImage",
      "state" : {
        "revision" : "fb50c1d20f24db5322b2f8f379de3618f75fe08e",
        "version" : "5.15.5"
      }
    },
    {
      "identity" : "snapkit",
      "kind" : "remoteSourceControl",
      "location" : "https://github.com/SnapKit/SnapKit.git",
      "state" : {
        "revision" : "f222cbdf325885926566172f6f5f06af95473158",
        "version" : "5.6.0"
      }
    },
    {
      "identity" : "spindicator",
      "kind" : "remoteSourceControl",
      "location" : "https://github.com/ivanvorobei/SPIndicator",
      "state" : {
        "revision" : "43600857729d9efff046dc6673e6f94e095882c7",
        "version" : "1.6.4"
      }
    },
    {
      "identity" : "sqlite.swift",
      "kind" : "remoteSourceControl",
      "location" : "https://github.com/stephencelis/SQLite.swift.git",
      "state" : {
        "revision" : "7a2e3cd27de56f6d396e84f63beefd0267b55ccb",
        "version" : "0.14.1"
      }
    },
    {
      "identity" : "subviewattachingtextview",
      "kind" : "remoteSourceControl",
      "location" : "https://github.com/vlas-voloshin/SubviewAttachingTextView",
      "state" : {
        "revision" : "6025828b6c05fbf5529616a70c702f7425899fe5",
        "version" : "1.5.1"
      }
    },
    {
      "identity" : "swiftdate",
      "kind" : "remoteSourceControl",
      "location" : "https://github.com/malcommac/SwiftDate.git",
      "state" : {
        "revision" : "5d943224c3bb173e6ecf27295611615eba90c80e",
        "version" : "7.0.0"
      }
    },
    {
      "identity" : "swifterswift",
      "kind" : "remoteSourceControl",
      "location" : "https://github.com/SwifterSwift/SwifterSwift",
      "state" : {
        "revision" : "933f27d8e7fa0bf8200a5d6235e0de383b801126",
        "version" : "5.3.0"
      }
    }
  ],
  "version" : 2
}
